
Microsoft Visual Studio Solution File, Format Version 12.00
# Visual Studio Version 16
VisualStudioVersion = 16.0.29519.181
MinimumVisualStudioVersion = 10.0.40219.1
Project("{FAE04EC0-301F-11D3-BF4B-00C04F79EFBC}") = "WebAdvert.Web", "WebAdvert.Web.csproj", "{C996202B-C2C3-4F0F-A892-7083BF9EE083}"
EndProject
Global
	GlobalSection(SolutionConfigurationPlatforms) = preSolution
		Debug|Any CPU = Debug|Any CPU
		Release|Any CPU = Release|Any CPU
	EndGlobalSection
	GlobalSection(ProjectConfigurationPlatforms) = postSolution
		{C996202B-C2C3-4F0F-A892-7083BF9EE083}.Debug|Any CPU.ActiveCfg = Debug|Any CPU
		{C996202B-C2C3-4F0F-A892-7083BF9EE083}.Debug|Any CPU.Build.0 = Debug|Any CPU
		{C996202B-C2C3-4F0F-A892-7083BF9EE083}.Release|Any CPU.ActiveCfg = Release|Any CPU
		{C996202B-C2C3-4F0F-A892-7083BF9EE083}.Release|Any CPU.Build.0 = Release|Any CPU
	EndGlobalSection
	GlobalSection(SolutionProperties) = preSolution
		HideSolutionNode = FALSE
	EndGlobalSection
	GlobalSection(ExtensibilityGlobals) = postSolution
		SolutionGuid = {D9A4182C-381B-4C60-9AA6-195A80DFF20B}
	EndGlobalSection
EndGlobal
